// !$*UTF8*$!
{
	archiveVersion = 1;
	classes = {
	};
	objectVersion = 51;
	objects = {

/* Begin PBXBuildFile section */
		6C214B662386833E003B0FCB /* UIImageView+Image.swift in Sources */ = {isa = PBXBuildFile; fileRef = 6C214B652386833E003B0FCB /* UIImageView+Image.swift */; };
		6C214B68238687E7003B0FCB /* ItemDetailsViewModel.swift in Sources */ = {isa = PBXBuildFile; fileRef = 6C214B67238687E7003B0FCB /* ItemDetailsViewModel.swift */; };
		6C26C9B023855574004CDDE4 /* CategoryCollectionCell.swift in Sources */ = {isa = PBXBuildFile; fileRef = 6C26C9AE23855574004CDDE4 /* CategoryCollectionCell.swift */; };
		6C26C9B123855574004CDDE4 /* CategoryCollectionCell.xib in Resources */ = {isa = PBXBuildFile; fileRef = 6C26C9AF23855574004CDDE4 /* CategoryCollectionCell.xib */; };
		6C26C9B4238556BE004CDDE4 /* UICell.swift in Sources */ = {isa = PBXBuildFile; fileRef = 6C26C9B3238556BE004CDDE4 /* UICell.swift */; };
		6C26C9B9238574A7004CDDE4 /* ItemDetailsController.swift in Sources */ = {isa = PBXBuildFile; fileRef = 6C26C9B7238574A7004CDDE4 /* ItemDetailsController.swift */; };
		6C26C9BA238574A7004CDDE4 /* ItemDetailsController.xib in Resources */ = {isa = PBXBuildFile; fileRef = 6C26C9B8238574A7004CDDE4 /* ItemDetailsController.xib */; };
		6C26C9BD238574C4004CDDE4 /* CategoryItemsController.swift in Sources */ = {isa = PBXBuildFile; fileRef = 6C26C9BB238574C4004CDDE4 /* CategoryItemsController.swift */; };
		6C26C9BE238574C4004CDDE4 /* CategoryItemsController.xib in Resources */ = {isa = PBXBuildFile; fileRef = 6C26C9BC238574C4004CDDE4 /* CategoryItemsController.xib */; };
		6C26C9C0238574EB004CDDE4 /* Destination+CategoryItems.swift in Sources */ = {isa = PBXBuildFile; fileRef = 6C26C9BF238574EB004CDDE4 /* Destination+CategoryItems.swift */; };
		6C26C9C2238574EE004CDDE4 /* Destination+ItemDetails.swift in Sources */ = {isa = PBXBuildFile; fileRef = 6C26C9C1238574EE004CDDE4 /* Destination+ItemDetails.swift */; };
		6C26C9C423857812004CDDE4 /* CategoryItemsViewModel.swift in Sources */ = {isa = PBXBuildFile; fileRef = 6C26C9C323857812004CDDE4 /* CategoryItemsViewModel.swift */; };
		6C26C9C623857A9A004CDDE4 /* UICollectionViewExtension.swift in Sources */ = {isa = PBXBuildFile; fileRef = 6C26C9C523857A9A004CDDE4 /* UICollectionViewExtension.swift */; };
		6CB0733523843E060021B0E4 /* AppDelegate.swift in Sources */ = {isa = PBXBuildFile; fileRef = 6CB0733423843E060021B0E4 /* AppDelegate.swift */; };
		6CB0733C23843E070021B0E4 /* Assets.xcassets in Resources */ = {isa = PBXBuildFile; fileRef = 6CB0733B23843E070021B0E4 /* Assets.xcassets */; };
		6CB0733F23843E070021B0E4 /* LaunchScreen.storyboard in Resources */ = {isa = PBXBuildFile; fileRef = 6CB0733D23843E070021B0E4 /* LaunchScreen.storyboard */; };
		6CB0734A23843E070021B0E4 /* OLXTrackTests.swift in Sources */ = {isa = PBXBuildFile; fileRef = 6CB0734923843E070021B0E4 /* OLXTrackTests.swift */; };
		6CB0735523843E070021B0E4 /* OLXTrackUITests.swift in Sources */ = {isa = PBXBuildFile; fileRef = 6CB0735423843E070021B0E4 /* OLXTrackUITests.swift */; };
		6CB0736C23843F950021B0E4 /* Pageable.swift in Sources */ = {isa = PBXBuildFile; fileRef = 6CB0736723843F950021B0E4 /* Pageable.swift */; };
		6CB0736D23843F950021B0E4 /* RequestBuilder.swift in Sources */ = {isa = PBXBuildFile; fileRef = 6CB0736823843F950021B0E4 /* RequestBuilder.swift */; };
		6CB0736E23843F950021B0E4 /* NetworkError.swift in Sources */ = {isa = PBXBuildFile; fileRef = 6CB0736923843F950021B0E4 /* NetworkError.swift */; };
		6CB0736F23843F950021B0E4 /* AlamofireClient.swift in Sources */ = {isa = PBXBuildFile; fileRef = 6CB0736A23843F950021B0E4 /* AlamofireClient.swift */; };
		6CB0737023843F950021B0E4 /* APIClient.swift in Sources */ = {isa = PBXBuildFile; fileRef = 6CB0736B23843F950021B0E4 /* APIClient.swift */; };
		6CB073752384415B0021B0E4 /* DictionaryExtension.swift in Sources */ = {isa = PBXBuildFile; fileRef = 6CB073722384415B0021B0E4 /* DictionaryExtension.swift */; };
		6CB073762384415B0021B0E4 /* Logger.swift in Sources */ = {isa = PBXBuildFile; fileRef = 6CB073732384415B0021B0E4 /* Logger.swift */; };
		6CB073772384415B0021B0E4 /* DataExtension.swift in Sources */ = {isa = PBXBuildFile; fileRef = 6CB073742384415B0021B0E4 /* DataExtension.swift */; };
		6CB073792384588F0021B0E4 /* Observable.swift in Sources */ = {isa = PBXBuildFile; fileRef = 6CB073782384588F0021B0E4 /* Observable.swift */; };
		6CB0737C23845DC60021B0E4 /* StaticCategories.swift in Sources */ = {isa = PBXBuildFile; fileRef = 6CB0737B23845DC60021B0E4 /* StaticCategories.swift */; };
		6CB0737F23845E1D0021B0E4 /* CategoriesViewController.swift in Sources */ = {isa = PBXBuildFile; fileRef = 6CB0737D23845E1D0021B0E4 /* CategoriesViewController.swift */; };
		6CB0738423845EB60021B0E4 /* CategoryItemsApi.swift in Sources */ = {isa = PBXBuildFile; fileRef = 6CB0738323845EB60021B0E4 /* CategoryItemsApi.swift */; };
		6CB0738F23846CBC0021B0E4 /* Navigator.swift in Sources */ = {isa = PBXBuildFile; fileRef = 6CB0738D23846CBC0021B0E4 /* Navigator.swift */; };
		6CB0739023846CBC0021B0E4 /* Destination.swift in Sources */ = {isa = PBXBuildFile; fileRef = 6CB0738E23846CBC0021B0E4 /* Destination.swift */; };
		6CB0739523846DA90021B0E4 /* CategoriesResponse.swift in Sources */ = {isa = PBXBuildFile; fileRef = 6CB0739123846DA90021B0E4 /* CategoriesResponse.swift */; };
		6CB0739623846DA90021B0E4 /* CategoriesViewModel.swift in Sources */ = {isa = PBXBuildFile; fileRef = 6CB0739223846DA90021B0E4 /* CategoriesViewModel.swift */; };
		6CB0739723846DA90021B0E4 /* CategoryRepo.swift in Sources */ = {isa = PBXBuildFile; fileRef = 6CB0739323846DA90021B0E4 /* CategoryRepo.swift */; };
		6CB0739823846DA90021B0E4 /* Destination+Categories.swift in Sources */ = {isa = PBXBuildFile; fileRef = 6CB0739423846DA90021B0E4 /* Destination+Categories.swift */; };
		6CB0739E23846EFF0021B0E4 /* BundleExtension.swift in Sources */ = {isa = PBXBuildFile; fileRef = 6CB0739B23846EFF0021B0E4 /* BundleExtension.swift */; };
		6CB0739F23846EFF0021B0E4 /* Loadable.swift in Sources */ = {isa = PBXBuildFile; fileRef = 6CB0739C23846EFF0021B0E4 /* Loadable.swift */; };
		6CB073A023846EFF0021B0E4 /* UIView+Constrains.swift in Sources */ = {isa = PBXBuildFile; fileRef = 6CB0739D23846EFF0021B0E4 /* UIView+Constrains.swift */; };
		6CC05A842386B68A00E19766 /* CategoriesViewController.xib in Resources */ = {isa = PBXBuildFile; fileRef = 6CC05A832386B68A00E19766 /* CategoriesViewController.xib */; };
		6ED3F8A55341581DB417DEE1 /* Pods_OLXTrack_OLXTrackUITests.framework in Frameworks */ = {isa = PBXBuildFile; fileRef = BF27AE9F716FCCAA1BF9DFC3 /* Pods_OLXTrack_OLXTrackUITests.framework */; };
		C1B32B5870C945A38C232286 /* Pods_OLXTrackTests.framework in Frameworks */ = {isa = PBXBuildFile; fileRef = 6584797C67AE42B35639F428 /* Pods_OLXTrackTests.framework */; };
		DA615B3D572F47F87FCD0CE2 /* Pods_OLXTrack.framework in Frameworks */ = {isa = PBXBuildFile; fileRef = 3C728DCC8A984EE68EC07E36 /* Pods_OLXTrack.framework */; };
/* End PBXBuildFile section */

/* Begin PBXContainerItemProxy section */
		6CB0734623843E070021B0E4 /* PBXContainerItemProxy */ = {
			isa = PBXContainerItemProxy;
			containerPortal = 6CB0732923843E060021B0E4 /* Project object */;
			proxyType = 1;
			remoteGlobalIDString = 6CB0733023843E060021B0E4;
			remoteInfo = OLXTrack;
		};
		6CB0735123843E070021B0E4 /* PBXContainerItemProxy */ = {
			isa = PBXContainerItemProxy;
			containerPortal = 6CB0732923843E060021B0E4 /* Project object */;
			proxyType = 1;
			remoteGlobalIDString = 6CB0733023843E060021B0E4;
			remoteInfo = OLXTrack;
		};
/* End PBXContainerItemProxy section */

/* Begin PBXFileReference section */
		3C728DCC8A984EE68EC07E36 /* Pods_OLXTrack.framework */ = {isa = PBXFileReference; explicitFileType = wrapper.framework; includeInIndex = 0; path = Pods_OLXTrack.framework; sourceTree = BUILT_PRODUCTS_DIR; };
		6584797C67AE42B35639F428 /* Pods_OLXTrackTests.framework */ = {isa = PBXFileReference; explicitFileType = wrapper.framework; includeInIndex = 0; path = Pods_OLXTrackTests.framework; sourceTree = BUILT_PRODUCTS_DIR; };
		6C214B652386833E003B0FCB /* UIImageView+Image.swift */ = {isa = PBXFileReference; lastKnownFileType = sourcecode.swift; path = "UIImageView+Image.swift"; sourceTree = "<group>"; };
		6C214B67238687E7003B0FCB /* ItemDetailsViewModel.swift */ = {isa = PBXFileReference; lastKnownFileType = sourcecode.swift; path = ItemDetailsViewModel.swift; sourceTree = "<group>"; };
		6C26C9AE23855574004CDDE4 /* CategoryCollectionCell.swift */ = {isa = PBXFileReference; lastKnownFileType = sourcecode.swift; path = CategoryCollectionCell.swift; sourceTree = "<group>"; };
		6C26C9AF23855574004CDDE4 /* CategoryCollectionCell.xib */ = {isa = PBXFileReference; lastKnownFileType = file.xib; path = CategoryCollectionCell.xib; sourceTree = "<group>"; };
		6C26C9B3238556BE004CDDE4 /* UICell.swift */ = {isa = PBXFileReference; lastKnownFileType = sourcecode.swift; path = UICell.swift; sourceTree = "<group>"; };
		6C26C9B7238574A7004CDDE4 /* ItemDetailsController.swift */ = {isa = PBXFileReference; lastKnownFileType = sourcecode.swift; path = ItemDetailsController.swift; sourceTree = "<group>"; };
		6C26C9B8238574A7004CDDE4 /* ItemDetailsController.xib */ = {isa = PBXFileReference; lastKnownFileType = file.xib; path = ItemDetailsController.xib; sourceTree = "<group>"; };
		6C26C9BB238574C4004CDDE4 /* CategoryItemsController.swift */ = {isa = PBXFileReference; lastKnownFileType = sourcecode.swift; path = CategoryItemsController.swift; sourceTree = "<group>"; };
		6C26C9BC238574C4004CDDE4 /* CategoryItemsController.xib */ = {isa = PBXFileReference; lastKnownFileType = file.xib; path = CategoryItemsController.xib; sourceTree = "<group>"; };
		6C26C9BF238574EB004CDDE4 /* Destination+CategoryItems.swift */ = {isa = PBXFileReference; lastKnownFileType = sourcecode.swift; path = "Destination+CategoryItems.swift"; sourceTree = "<group>"; };
		6C26C9C1238574EE004CDDE4 /* Destination+ItemDetails.swift */ = {isa = PBXFileReference; lastKnownFileType = sourcecode.swift; path = "Destination+ItemDetails.swift"; sourceTree = "<group>"; };
		6C26C9C323857812004CDDE4 /* CategoryItemsViewModel.swift */ = {isa = PBXFileReference; lastKnownFileType = sourcecode.swift; path = CategoryItemsViewModel.swift; sourceTree = "<group>"; };
		6C26C9C523857A9A004CDDE4 /* UICollectionViewExtension.swift */ = {isa = PBXFileReference; lastKnownFileType = sourcecode.swift; path = UICollectionViewExtension.swift; sourceTree = "<group>"; };
		6CB0733123843E060021B0E4 /* OLXTrack.app */ = {isa = PBXFileReference; explicitFileType = wrapper.application; includeInIndex = 0; path = OLXTrack.app; sourceTree = BUILT_PRODUCTS_DIR; };
		6CB0733423843E060021B0E4 /* AppDelegate.swift */ = {isa = PBXFileReference; lastKnownFileType = sourcecode.swift; path = AppDelegate.swift; sourceTree = "<group>"; };
		6CB0733B23843E070021B0E4 /* Assets.xcassets */ = {isa = PBXFileReference; lastKnownFileType = folder.assetcatalog; path = Assets.xcassets; sourceTree = "<group>"; };
		6CB0733E23843E070021B0E4 /* Base */ = {isa = PBXFileReference; lastKnownFileType = file.storyboard; name = Base; path = Base.lproj/LaunchScreen.storyboard; sourceTree = "<group>"; };
		6CB0734023843E070021B0E4 /* Info.plist */ = {isa = PBXFileReference; lastKnownFileType = text.plist.xml; path = Info.plist; sourceTree = "<group>"; };
		6CB0734523843E070021B0E4 /* OLXTrackTests.xctest */ = {isa = PBXFileReference; explicitFileType = wrapper.cfbundle; includeInIndex = 0; path = OLXTrackTests.xctest; sourceTree = BUILT_PRODUCTS_DIR; };
		6CB0734923843E070021B0E4 /* OLXTrackTests.swift */ = {isa = PBXFileReference; lastKnownFileType = sourcecode.swift; path = OLXTrackTests.swift; sourceTree = "<group>"; };
		6CB0734B23843E070021B0E4 /* Info.plist */ = {isa = PBXFileReference; lastKnownFileType = text.plist.xml; path = Info.plist; sourceTree = "<group>"; };
		6CB0735023843E070021B0E4 /* OLXTrackUITests.xctest */ = {isa = PBXFileReference; explicitFileType = wrapper.cfbundle; includeInIndex = 0; path = OLXTrackUITests.xctest; sourceTree = BUILT_PRODUCTS_DIR; };
		6CB0735423843E070021B0E4 /* OLXTrackUITests.swift */ = {isa = PBXFileReference; lastKnownFileType = sourcecode.swift; path = OLXTrackUITests.swift; sourceTree = "<group>"; };
		6CB0735623843E070021B0E4 /* Info.plist */ = {isa = PBXFileReference; lastKnownFileType = text.plist.xml; path = Info.plist; sourceTree = "<group>"; };
		6CB0736723843F950021B0E4 /* Pageable.swift */ = {isa = PBXFileReference; fileEncoding = 4; lastKnownFileType = sourcecode.swift; path = Pageable.swift; sourceTree = "<group>"; };
		6CB0736823843F950021B0E4 /* RequestBuilder.swift */ = {isa = PBXFileReference; fileEncoding = 4; lastKnownFileType = sourcecode.swift; path = RequestBuilder.swift; sourceTree = "<group>"; };
		6CB0736923843F950021B0E4 /* NetworkError.swift */ = {isa = PBXFileReference; fileEncoding = 4; lastKnownFileType = sourcecode.swift; path = NetworkError.swift; sourceTree = "<group>"; };
		6CB0736A23843F950021B0E4 /* AlamofireClient.swift */ = {isa = PBXFileReference; fileEncoding = 4; lastKnownFileType = sourcecode.swift; path = AlamofireClient.swift; sourceTree = "<group>"; };
		6CB0736B23843F950021B0E4 /* APIClient.swift */ = {isa = PBXFileReference; fileEncoding = 4; lastKnownFileType = sourcecode.swift; path = APIClient.swift; sourceTree = "<group>"; };
		6CB073722384415B0021B0E4 /* DictionaryExtension.swift */ = {isa = PBXFileReference; fileEncoding = 4; lastKnownFileType = sourcecode.swift; path = DictionaryExtension.swift; sourceTree = "<group>"; };
		6CB073732384415B0021B0E4 /* Logger.swift */ = {isa = PBXFileReference; fileEncoding = 4; lastKnownFileType = sourcecode.swift; path = Logger.swift; sourceTree = "<group>"; };
		6CB073742384415B0021B0E4 /* DataExtension.swift */ = {isa = PBXFileReference; fileEncoding = 4; lastKnownFileType = sourcecode.swift; path = DataExtension.swift; sourceTree = "<group>"; };
		6CB073782384588F0021B0E4 /* Observable.swift */ = {isa = PBXFileReference; lastKnownFileType = sourcecode.swift; path = Observable.swift; sourceTree = "<group>"; };
		6CB0737B23845DC60021B0E4 /* StaticCategories.swift */ = {isa = PBXFileReference; lastKnownFileType = sourcecode.swift; path = StaticCategories.swift; sourceTree = "<group>"; };
		6CB0737D23845E1D0021B0E4 /* CategoriesViewController.swift */ = {isa = PBXFileReference; lastKnownFileType = sourcecode.swift; path = CategoriesViewController.swift; sourceTree = "<group>"; };
		6CB0738323845EB60021B0E4 /* CategoryItemsApi.swift */ = {isa = PBXFileReference; fileEncoding = 4; lastKnownFileType = sourcecode.swift; path = CategoryItemsApi.swift; sourceTree = "<group>"; };
		6CB0738D23846CBC0021B0E4 /* Navigator.swift */ = {isa = PBXFileReference; fileEncoding = 4; lastKnownFileType = sourcecode.swift; path = Navigator.swift; sourceTree = "<group>"; };
		6CB0738E23846CBC0021B0E4 /* Destination.swift */ = {isa = PBXFileReference; fileEncoding = 4; lastKnownFileType = sourcecode.swift; path = Destination.swift; sourceTree = "<group>"; };
		6CB0739123846DA90021B0E4 /* CategoriesResponse.swift */ = {isa = PBXFileReference; fileEncoding = 4; lastKnownFileType = sourcecode.swift; path = CategoriesResponse.swift; sourceTree = "<group>"; };
		6CB0739223846DA90021B0E4 /* CategoriesViewModel.swift */ = {isa = PBXFileReference; fileEncoding = 4; lastKnownFileType = sourcecode.swift; path = CategoriesViewModel.swift; sourceTree = "<group>"; };
		6CB0739323846DA90021B0E4 /* CategoryRepo.swift */ = {isa = PBXFileReference; fileEncoding = 4; lastKnownFileType = sourcecode.swift; path = CategoryRepo.swift; sourceTree = "<group>"; };
		6CB0739423846DA90021B0E4 /* Destination+Categories.swift */ = {isa = PBXFileReference; fileEncoding = 4; lastKnownFileType = sourcecode.swift; path = "Destination+Categories.swift"; sourceTree = "<group>"; };
		6CB0739B23846EFF0021B0E4 /* BundleExtension.swift */ = {isa = PBXFileReference; fileEncoding = 4; lastKnownFileType = sourcecode.swift; path = BundleExtension.swift; sourceTree = "<group>"; };
		6CB0739C23846EFF0021B0E4 /* Loadable.swift */ = {isa = PBXFileReference; fileEncoding = 4; lastKnownFileType = sourcecode.swift; path = Loadable.swift; sourceTree = "<group>"; };
		6CB0739D23846EFF0021B0E4 /* UIView+Constrains.swift */ = {isa = PBXFileReference; fileEncoding = 4; lastKnownFileType = sourcecode.swift; path = "UIView+Constrains.swift"; sourceTree = "<group>"; };
		6CC05A832386B68A00E19766 /* CategoriesViewController.xib */ = {isa = PBXFileReference; lastKnownFileType = file.xib; path = CategoriesViewController.xib; sourceTree = "<group>"; };
		6EB96FD7C5075F7DABD7F476 /* Pods-OLXTrackTests.release.xcconfig */ = {isa = PBXFileReference; includeInIndex = 1; lastKnownFileType = text.xcconfig; name = "Pods-OLXTrackTests.release.xcconfig"; path = "Target Support Files/Pods-OLXTrackTests/Pods-OLXTrackTests.release.xcconfig"; sourceTree = "<group>"; };
		7A6DB5787133B093619FED1A /* Pods-OLXTrack.release.xcconfig */ = {isa = PBXFileReference; includeInIndex = 1; lastKnownFileType = text.xcconfig; name = "Pods-OLXTrack.release.xcconfig"; path = "Target Support Files/Pods-OLXTrack/Pods-OLXTrack.release.xcconfig"; sourceTree = "<group>"; };
		7FB38CCEFEFE3C79923EB5DC /* Pods-OLXTrack-OLXTrackUITests.release.xcconfig */ = {isa = PBXFileReference; includeInIndex = 1; lastKnownFileType = text.xcconfig; name = "Pods-OLXTrack-OLXTrackUITests.release.xcconfig"; path = "Target Support Files/Pods-OLXTrack-OLXTrackUITests/Pods-OLXTrack-OLXTrackUITests.release.xcconfig"; sourceTree = "<group>"; };
		A3EDEC4F5E6140F4C8D5D264 /* Pods-OLXTrack.debug.xcconfig */ = {isa = PBXFileReference; includeInIndex = 1; lastKnownFileType = text.xcconfig; name = "Pods-OLXTrack.debug.xcconfig"; path = "Target Support Files/Pods-OLXTrack/Pods-OLXTrack.debug.xcconfig"; sourceTree = "<group>"; };
		BCC940431E274DDE53AA675F /* Pods-OLXTrackTests.debug.xcconfig */ = {isa = PBXFileReference; includeInIndex = 1; lastKnownFileType = text.xcconfig; name = "Pods-OLXTrackTests.debug.xcconfig"; path = "Target Support Files/Pods-OLXTrackTests/Pods-OLXTrackTests.debug.xcconfig"; sourceTree = "<group>"; };
		BF27AE9F716FCCAA1BF9DFC3 /* Pods_OLXTrack_OLXTrackUITests.framework */ = {isa = PBXFileReference; explicitFileType = wrapper.framework; includeInIndex = 0; path = Pods_OLXTrack_OLXTrackUITests.framework; sourceTree = BUILT_PRODUCTS_DIR; };
		E9E57E675CC799623F7836E6 /* Pods-OLXTrack-OLXTrackUITests.debug.xcconfig */ = {isa = PBXFileReference; includeInIndex = 1; lastKnownFileType = text.xcconfig; name = "Pods-OLXTrack-OLXTrackUITests.debug.xcconfig"; path = "Target Support Files/Pods-OLXTrack-OLXTrackUITests/Pods-OLXTrack-OLXTrackUITests.debug.xcconfig"; sourceTree = "<group>"; };
/* End PBXFileReference section */

/* Begin PBXFrameworksBuildPhase section */
		6CB0732E23843E060021B0E4 /* Frameworks */ = {
			isa = PBXFrameworksBuildPhase;
			buildActionMask = 2147483647;
			files = (
				DA615B3D572F47F87FCD0CE2 /* Pods_OLXTrack.framework in Frameworks */,
			);
			runOnlyForDeploymentPostprocessing = 0;
		};
		6CB0734223843E070021B0E4 /* Frameworks */ = {
			isa = PBXFrameworksBuildPhase;
			buildActionMask = 2147483647;
			files = (
				C1B32B5870C945A38C232286 /* Pods_OLXTrackTests.framework in Frameworks */,
			);
			runOnlyForDeploymentPostprocessing = 0;
		};
		6CB0734D23843E070021B0E4 /* Frameworks */ = {
			isa = PBXFrameworksBuildPhase;
			buildActionMask = 2147483647;
			files = (
				6ED3F8A55341581DB417DEE1 /* Pods_OLXTrack_OLXTrackUITests.framework in Frameworks */,
			);
			runOnlyForDeploymentPostprocessing = 0;
		};
/* End PBXFrameworksBuildPhase section */

/* Begin PBXGroup section */
		4F729E71EB8F34CBA58E31D9 /* Frameworks */ = {
			isa = PBXGroup;
			children = (
				3C728DCC8A984EE68EC07E36 /* Pods_OLXTrack.framework */,
				BF27AE9F716FCCAA1BF9DFC3 /* Pods_OLXTrack_OLXTrackUITests.framework */,
				6584797C67AE42B35639F428 /* Pods_OLXTrackTests.framework */,
			);
			name = Frameworks;
			sourceTree = "<group>";
		};
		505407761D1061E5A9BDDB3B /* Pods */ = {
			isa = PBXGroup;
			children = (
				A3EDEC4F5E6140F4C8D5D264 /* Pods-OLXTrack.debug.xcconfig */,
				7A6DB5787133B093619FED1A /* Pods-OLXTrack.release.xcconfig */,
				E9E57E675CC799623F7836E6 /* Pods-OLXTrack-OLXTrackUITests.debug.xcconfig */,
				7FB38CCEFEFE3C79923EB5DC /* Pods-OLXTrack-OLXTrackUITests.release.xcconfig */,
				BCC940431E274DDE53AA675F /* Pods-OLXTrackTests.debug.xcconfig */,
				6EB96FD7C5075F7DABD7F476 /* Pods-OLXTrackTests.release.xcconfig */,
			);
			path = Pods;
			sourceTree = "<group>";
		};
		6C214B6423868310003B0FCB /* wrappers */ = {
			isa = PBXGroup;
			children = (
				6C214B652386833E003B0FCB /* UIImageView+Image.swift */,
			);
			path = wrappers;
			sourceTree = "<group>";
		};
		6C26C9B22385568B004CDDE4 /* ui-base-protocols */ = {
			isa = PBXGroup;
			children = (
				6C26C9B3238556BE004CDDE4 /* UICell.swift */,
			);
			path = "ui-base-protocols";
			sourceTree = "<group>";
		};
		6C26C9B52385746B004CDDE4 /* category-items */ = {
			isa = PBXGroup;
			children = (
				6C26C9BB238574C4004CDDE4 /* CategoryItemsController.swift */,
				6C26C9BC238574C4004CDDE4 /* CategoryItemsController.xib */,
				6C26C9BF238574EB004CDDE4 /* Destination+CategoryItems.swift */,
				6C26C9C323857812004CDDE4 /* CategoryItemsViewModel.swift */,
				6CB0738323845EB60021B0E4 /* CategoryItemsApi.swift */,
				6CB0739123846DA90021B0E4 /* CategoriesResponse.swift */,
			);
			path = "category-items";
			sourceTree = "<group>";
		};
		6C26C9B623857476004CDDE4 /* item details */ = {
			isa = PBXGroup;
			children = (
				6C26C9C1238574EE004CDDE4 /* Destination+ItemDetails.swift */,
				6C26C9B7238574A7004CDDE4 /* ItemDetailsController.swift */,
				6C26C9B8238574A7004CDDE4 /* ItemDetailsController.xib */,
				6C214B67238687E7003B0FCB /* ItemDetailsViewModel.swift */,
			);
			path = "item details";
			sourceTree = "<group>";
		};
		6CB0732823843E060021B0E4 = {
			isa = PBXGroup;
			children = (
				6CB0733323843E060021B0E4 /* OLXTrack */,
				6CB0734823843E070021B0E4 /* OLXTrackTests */,
				6CB0735323843E070021B0E4 /* OLXTrackUITests */,
				6CB0733223843E060021B0E4 /* Products */,
				505407761D1061E5A9BDDB3B /* Pods */,
				4F729E71EB8F34CBA58E31D9 /* Frameworks */,
			);
			sourceTree = "<group>";
		};
		6CB0733223843E060021B0E4 /* Products */ = {
			isa = PBXGroup;
			children = (
				6CB0733123843E060021B0E4 /* OLXTrack.app */,
				6CB0734523843E070021B0E4 /* OLXTrackTests.xctest */,
				6CB0735023843E070021B0E4 /* OLXTrackUITests.xctest */,
			);
			name = Products;
			sourceTree = "<group>";
		};
		6CB0733323843E060021B0E4 /* OLXTrack */ = {
			isa = PBXGroup;
			children = (
				6CB0736423843F0F0021B0E4 /* Extensions */,
				6CB0736323843F070021B0E4 /* Scenes */,
				6CB0736223843F020021B0E4 /* Modules */,
				6CB0733423843E060021B0E4 /* AppDelegate.swift */,
				6CB0733B23843E070021B0E4 /* Assets.xcassets */,
				6CB0733D23843E070021B0E4 /* LaunchScreen.storyboard */,
				6CB0734023843E070021B0E4 /* Info.plist */,
			);
			path = OLXTrack;
			sourceTree = "<group>";
		};
		6CB0734823843E070021B0E4 /* OLXTrackTests */ = {
			isa = PBXGroup;
			children = (
				6CB0734923843E070021B0E4 /* OLXTrackTests.swift */,
				6CB0734B23843E070021B0E4 /* Info.plist */,
			);
			path = OLXTrackTests;
			sourceTree = "<group>";
		};
		6CB0735323843E070021B0E4 /* OLXTrackUITests */ = {
			isa = PBXGroup;
			children = (
				6CB0735423843E070021B0E4 /* OLXTrackUITests.swift */,
				6CB0735623843E070021B0E4 /* Info.plist */,
			);
			path = OLXTrackUITests;
			sourceTree = "<group>";
		};
		6CB0736223843F020021B0E4 /* Modules */ = {
			isa = PBXGroup;
			children = (
				6C26C9B22385568B004CDDE4 /* ui-base-protocols */,
				6CB0738C23846C860021B0E4 /* caching */,
				6CB0738B23846C810021B0E4 /* navigation */,
				6CB0736623843F2C0021B0E4 /* network */,
			);
			path = Modules;
			sourceTree = "<group>";
		};
		6CB0736323843F070021B0E4 /* Scenes */ = {
			isa = PBXGroup;
			children = (
				6C26C9B623857476004CDDE4 /* item details */,
				6C26C9B52385746B004CDDE4 /* category-items */,
				6CB0737A23845DB90021B0E4 /* categories */,
			);
			path = Scenes;
			sourceTree = "<group>";
		};
		6CB0736423843F0F0021B0E4 /* Extensions */ = {
			isa = PBXGroup;
			children = (
				6C214B6423868310003B0FCB /* wrappers */,
				6CB0739B23846EFF0021B0E4 /* BundleExtension.swift */,
				6CB0739C23846EFF0021B0E4 /* Loadable.swift */,
				6CB0739D23846EFF0021B0E4 /* UIView+Constrains.swift */,
				6CB073712384410F0021B0E4 /* swifter swift */,
				6C26C9C523857A9A004CDDE4 /* UICollectionViewExtension.swift */,
			);
			path = Extensions;
			sourceTree = "<group>";
		};
		6CB0736623843F2C0021B0E4 /* network */ = {
			isa = PBXGroup;
			children = (
				6CB0736A23843F950021B0E4 /* AlamofireClient.swift */,
				6CB0736B23843F950021B0E4 /* APIClient.swift */,
				6CB0736923843F950021B0E4 /* NetworkError.swift */,
				6CB0736723843F950021B0E4 /* Pageable.swift */,
				6CB0736823843F950021B0E4 /* RequestBuilder.swift */,
			);
			path = network;
			sourceTree = "<group>";
		};
		6CB073712384410F0021B0E4 /* swifter swift */ = {
			isa = PBXGroup;
			children = (
				6CB073742384415B0021B0E4 /* DataExtension.swift */,
				6CB073722384415B0021B0E4 /* DictionaryExtension.swift */,
				6CB073732384415B0021B0E4 /* Logger.swift */,
				6CB073782384588F0021B0E4 /* Observable.swift */,
			);
			path = "swifter swift";
			sourceTree = "<group>";
		};
		6CB0737A23845DB90021B0E4 /* categories */ = {
			isa = PBXGroup;
			children = (
				6CB0737D23845E1D0021B0E4 /* CategoriesViewController.swift */,
				6CC05A832386B68A00E19766 /* CategoriesViewController.xib */,
				6C26C9AE23855574004CDDE4 /* CategoryCollectionCell.swift */,
				6C26C9AF23855574004CDDE4 /* CategoryCollectionCell.xib */,
				6CB0737B23845DC60021B0E4 /* StaticCategories.swift */,
				6CB0739223846DA90021B0E4 /* CategoriesViewModel.swift */,
				6CB0739423846DA90021B0E4 /* Destination+Categories.swift */,
				6CB0739323846DA90021B0E4 /* CategoryRepo.swift */,
			);
			path = categories;
			sourceTree = "<group>";
		};
		6CB0738B23846C810021B0E4 /* navigation */ = {
			isa = PBXGroup;
			children = (
				6CB0738E23846CBC0021B0E4 /* Destination.swift */,
				6CB0738D23846CBC0021B0E4 /* Navigator.swift */,
			);
			path = navigation;
			sourceTree = "<group>";
		};
		6CB0738C23846C860021B0E4 /* caching */ = {
			isa = PBXGroup;
			children = (
			);
			path = caching;
			sourceTree = "<group>";
		};
/* End PBXGroup section */

/* Begin PBXNativeTarget section */
		6CB0733023843E060021B0E4 /* OLXTrack */ = {
			isa = PBXNativeTarget;
			buildConfigurationList = 6CB0735923843E070021B0E4 /* Build configuration list for PBXNativeTarget "OLXTrack" */;
			buildPhases = (
				EF9F8B64957D0EFC6CBC8E98 /* [CP] Check Pods Manifest.lock */,
				6CB0732D23843E060021B0E4 /* Sources */,
				6CB0732E23843E060021B0E4 /* Frameworks */,
				6CB0732F23843E060021B0E4 /* Resources */,
				D9FB57D55FF1D7CC32774A39 /* [CP] Embed Pods Frameworks */,
			);
			buildRules = (
			);
			dependencies = (
			);
			name = OLXTrack;
			productName = OLXTrack;
			productReference = 6CB0733123843E060021B0E4 /* OLXTrack.app */;
			productType = "com.apple.product-type.application";
		};
		6CB0734423843E070021B0E4 /* OLXTrackTests */ = {
			isa = PBXNativeTarget;
			buildConfigurationList = 6CB0735C23843E070021B0E4 /* Build configuration list for PBXNativeTarget "OLXTrackTests" */;
			buildPhases = (
				D7307E5215BB6D713ECCF9D7 /* [CP] Check Pods Manifest.lock */,
				6CB0734123843E070021B0E4 /* Sources */,
				6CB0734223843E070021B0E4 /* Frameworks */,
				6CB0734323843E070021B0E4 /* Resources */,
				FC50C05AD03437F7DC458BE9 /* [CP] Embed Pods Frameworks */,
			);
			buildRules = (
			);
			dependencies = (
				6CB0734723843E070021B0E4 /* PBXTargetDependency */,
			);
			name = OLXTrackTests;
			productName = OLXTrackTests;
			productReference = 6CB0734523843E070021B0E4 /* OLXTrackTests.xctest */;
			productType = "com.apple.product-type.bundle.unit-test";
		};
		6CB0734F23843E070021B0E4 /* OLXTrackUITests */ = {
			isa = PBXNativeTarget;
			buildConfigurationList = 6CB0735F23843E070021B0E4 /* Build configuration list for PBXNativeTarget "OLXTrackUITests" */;
			buildPhases = (
				E6E14E79DA7CC91E97633B1E /* [CP] Check Pods Manifest.lock */,
				6CB0734C23843E070021B0E4 /* Sources */,
				6CB0734D23843E070021B0E4 /* Frameworks */,
				6CB0734E23843E070021B0E4 /* Resources */,
				CD549EFBA0714DFBC3FAC2CB /* [CP] Embed Pods Frameworks */,
			);
			buildRules = (
			);
			dependencies = (
				6CB0735223843E070021B0E4 /* PBXTargetDependency */,
			);
			name = OLXTrackUITests;
			productName = OLXTrackUITests;
			productReference = 6CB0735023843E070021B0E4 /* OLXTrackUITests.xctest */;
			productType = "com.apple.product-type.bundle.ui-testing";
		};
/* End PBXNativeTarget section */

/* Begin PBXProject section */
		6CB0732923843E060021B0E4 /* Project object */ = {
			isa = PBXProject;
			attributes = {
				LastSwiftUpdateCheck = 1030;
				LastUpgradeCheck = 1030;
				ORGANIZATIONNAME = abuzeid;
				TargetAttributes = {
					6CB0733023843E060021B0E4 = {
						CreatedOnToolsVersion = 10.3;
					};
					6CB0734423843E070021B0E4 = {
						CreatedOnToolsVersion = 10.3;
						TestTargetID = 6CB0733023843E060021B0E4;
					};
					6CB0734F23843E070021B0E4 = {
						CreatedOnToolsVersion = 10.3;
						TestTargetID = 6CB0733023843E060021B0E4;
					};
				};
			};
			buildConfigurationList = 6CB0732C23843E060021B0E4 /* Build configuration list for PBXProject "OLXTrack" */;
			compatibilityVersion = "Xcode 9.3";
			developmentRegion = en;
			hasScannedForEncodings = 0;
			knownRegions = (
				en,
				Base,
			);
			mainGroup = 6CB0732823843E060021B0E4;
			productRefGroup = 6CB0733223843E060021B0E4 /* Products */;
			projectDirPath = "";
			projectRoot = "";
			targets = (
				6CB0733023843E060021B0E4 /* OLXTrack */,
				6CB0734423843E070021B0E4 /* OLXTrackTests */,
				6CB0734F23843E070021B0E4 /* OLXTrackUITests */,
			);
		};
/* End PBXProject section */

/* Begin PBXResourcesBuildPhase section */
		6CB0732F23843E060021B0E4 /* Resources */ = {
			isa = PBXResourcesBuildPhase;
			buildActionMask = 2147483647;
			files = (
				6CB0733F23843E070021B0E4 /* LaunchScreen.storyboard in Resources */,
				6C26C9BA238574A7004CDDE4 /* ItemDetailsController.xib in Resources */,
				6CC05A842386B68A00E19766 /* CategoriesViewController.xib in Resources */,
				6C26C9BE238574C4004CDDE4 /* CategoryItemsController.xib in Resources */,
				6C26C9B123855574004CDDE4 /* CategoryCollectionCell.xib in Resources */,
				6CB0733C23843E070021B0E4 /* Assets.xcassets in Resources */,
			);
			runOnlyForDeploymentPostprocessing = 0;
		};
		6CB0734323843E070021B0E4 /* Resources */ = {
			isa = PBXResourcesBuildPhase;
			buildActionMask = 2147483647;
			files = (
			);
			runOnlyForDeploymentPostprocessing = 0;
		};
		6CB0734E23843E070021B0E4 /* Resources */ = {
			isa = PBXResourcesBuildPhase;
			buildActionMask = 2147483647;
			files = (
			);
			runOnlyForDeploymentPostprocessing = 0;
		};
/* End PBXResourcesBuildPhase section */

/* Begin PBXShellScriptBuildPhase section */
		CD549EFBA0714DFBC3FAC2CB /* [CP] Embed Pods Frameworks */ = {
			isa = PBXShellScriptBuildPhase;
			buildActionMask = 2147483647;
			files = (
			);
			inputFileListPaths = (
				"${PODS_ROOT}/Target Support Files/Pods-OLXTrack-OLXTrackUITests/Pods-OLXTrack-OLXTrackUITests-frameworks-${CONFIGURATION}-input-files.xcfilelist",
			);
			name = "[CP] Embed Pods Frameworks";
			outputFileListPaths = (
				"${PODS_ROOT}/Target Support Files/Pods-OLXTrack-OLXTrackUITests/Pods-OLXTrack-OLXTrackUITests-frameworks-${CONFIGURATION}-output-files.xcfilelist",
			);
			runOnlyForDeploymentPostprocessing = 0;
			shellPath = /bin/sh;
			shellScript = "\"${PODS_ROOT}/Target Support Files/Pods-OLXTrack-OLXTrackUITests/Pods-OLXTrack-OLXTrackUITests-frameworks.sh\"\n";
			showEnvVarsInLog = 0;
		};
		D7307E5215BB6D713ECCF9D7 /* [CP] Check Pods Manifest.lock */ = {
			isa = PBXShellScriptBuildPhase;
			buildActionMask = 2147483647;
			files = (
			);
			inputFileListPaths = (
			);
			inputPaths = (
				"${PODS_PODFILE_DIR_PATH}/Podfile.lock",
				"${PODS_ROOT}/Manifest.lock",
			);
			name = "[CP] Check Pods Manifest.lock";
			outputFileListPaths = (
			);
			outputPaths = (
				"$(DERIVED_FILE_DIR)/Pods-OLXTrackTests-checkManifestLockResult.txt",
			);
			runOnlyForDeploymentPostprocessing = 0;
			shellPath = /bin/sh;
			shellScript = "diff \"${PODS_PODFILE_DIR_PATH}/Podfile.lock\" \"${PODS_ROOT}/Manifest.lock\" > /dev/null\nif [ $? != 0 ] ; then\n    # print error to STDERR\n    echo \"error: The sandbox is not in sync with the Podfile.lock. Run 'pod install' or update your CocoaPods installation.\" >&2\n    exit 1\nfi\n# This output is used by Xcode 'outputs' to avoid re-running this script phase.\necho \"SUCCESS\" > \"${SCRIPT_OUTPUT_FILE_0}\"\n";
			showEnvVarsInLog = 0;
		};
		D9FB57D55FF1D7CC32774A39 /* [CP] Embed Pods Frameworks */ = {
			isa = PBXShellScriptBuildPhase;
			buildActionMask = 2147483647;
			files = (
			);
			inputFileListPaths = (
				"${PODS_ROOT}/Target Support Files/Pods-OLXTrack/Pods-OLXTrack-frameworks-${CONFIGURATION}-input-files.xcfilelist",
			);
			name = "[CP] Embed Pods Frameworks";
			outputFileListPaths = (
				"${PODS_ROOT}/Target Support Files/Pods-OLXTrack/Pods-OLXTrack-frameworks-${CONFIGURATION}-output-files.xcfilelist",
			);
			runOnlyForDeploymentPostprocessing = 0;
			shellPath = /bin/sh;
			shellScript = "\"${PODS_ROOT}/Target Support Files/Pods-OLXTrack/Pods-OLXTrack-frameworks.sh\"\n";
			showEnvVarsInLog = 0;
		};
		E6E14E79DA7CC91E97633B1E /* [CP] Check Pods Manifest.lock */ = {
			isa = PBXShellScriptBuildPhase;
			buildActionMask = 2147483647;
			files = (
			);
			inputFileListPaths = (
			);
			inputPaths = (
				"${PODS_PODFILE_DIR_PATH}/Podfile.lock",
				"${PODS_ROOT}/Manifest.lock",
			);
			name = "[CP] Check Pods Manifest.lock";
			outputFileListPaths = (
			);
			outputPaths = (
				"$(DERIVED_FILE_DIR)/Pods-OLXTrack-OLXTrackUITests-checkManifestLockResult.txt",
			);
			runOnlyForDeploymentPostprocessing = 0;
			shellPath = /bin/sh;
			shellScript = "diff \"${PODS_PODFILE_DIR_PATH}/Podfile.lock\" \"${PODS_ROOT}/Manifest.lock\" > /dev/null\nif [ $? != 0 ] ; then\n    # print error to STDERR\n    echo \"error: The sandbox is not in sync with the Podfile.lock. Run 'pod install' or update your CocoaPods installation.\" >&2\n    exit 1\nfi\n# This output is used by Xcode 'outputs' to avoid re-running this script phase.\necho \"SUCCESS\" > \"${SCRIPT_OUTPUT_FILE_0}\"\n";
			showEnvVarsInLog = 0;
		};
		EF9F8B64957D0EFC6CBC8E98 /* [CP] Check Pods Manifest.lock */ = {
			isa = PBXShellScriptBuildPhase;
			buildActionMask = 2147483647;
			files = (
			);
			inputFileListPaths = (
			);
			inputPaths = (
				"${PODS_PODFILE_DIR_PATH}/Podfile.lock",
				"${PODS_ROOT}/Manifest.lock",
			);
			name = "[CP] Check Pods Manifest.lock";
			outputFileListPaths = (
			);
			outputPaths = (
				"$(DERIVED_FILE_DIR)/Pods-OLXTrack-checkManifestLockResult.txt",
			);
			runOnlyForDeploymentPostprocessing = 0;
			shellPath = /bin/sh;
			shellScript = "diff \"${PODS_PODFILE_DIR_PATH}/Podfile.lock\" \"${PODS_ROOT}/Manifest.lock\" > /dev/null\nif [ $? != 0 ] ; then\n    # print error to STDERR\n    echo \"error: The sandbox is not in sync with the Podfile.lock. Run 'pod install' or update your CocoaPods installation.\" >&2\n    exit 1\nfi\n# This output is used by Xcode 'outputs' to avoid re-running this script phase.\necho \"SUCCESS\" > \"${SCRIPT_OUTPUT_FILE_0}\"\n";
			showEnvVarsInLog = 0;
		};
		FC50C05AD03437F7DC458BE9 /* [CP] Embed Pods Frameworks */ = {
			isa = PBXShellScriptBuildPhase;
			buildActionMask = 2147483647;
			files = (
			);
			inputFileListPaths = (
				"${PODS_ROOT}/Target Support Files/Pods-OLXTrackTests/Pods-OLXTrackTests-frameworks-${CONFIGURATION}-input-files.xcfilelist",
			);
			name = "[CP] Embed Pods Frameworks";
			outputFileListPaths = (
				"${PODS_ROOT}/Target Support Files/Pods-OLXTrackTests/Pods-OLXTrackTests-frameworks-${CONFIGURATION}-output-files.xcfilelist",
			);
			runOnlyForDeploymentPostprocessing = 0;
			shellPath = /bin/sh;
			shellScript = "\"${PODS_ROOT}/Target Support Files/Pods-OLXTrackTests/Pods-OLXTrackTests-frameworks.sh\"\n";
			showEnvVarsInLog = 0;
		};
/* End PBXShellScriptBuildPhase section */

/* Begin PBXSourcesBuildPhase section */
		6CB0732D23843E060021B0E4 /* Sources */ = {
			isa = PBXSourcesBuildPhase;
			buildActionMask = 2147483647;
			files = (
				6CB073792384588F0021B0E4 /* Observable.swift in Sources */,
				6CB0736C23843F950021B0E4 /* Pageable.swift in Sources */,
				6C26C9C0238574EB004CDDE4 /* Destination+CategoryItems.swift in Sources */,
				6CB0737023843F950021B0E4 /* APIClient.swift in Sources */,
				6CB0736F23843F950021B0E4 /* AlamofireClient.swift in Sources */,
				6CB073762384415B0021B0E4 /* Logger.swift in Sources */,
				6CB0738423845EB60021B0E4 /* CategoryItemsApi.swift in Sources */,
				6CB0733523843E060021B0E4 /* AppDelegate.swift in Sources */,
				6CB0737C23845DC60021B0E4 /* StaticCategories.swift in Sources */,
				6C214B662386833E003B0FCB /* UIImageView+Image.swift in Sources */,
				6CB0736D23843F950021B0E4 /* RequestBuilder.swift in Sources */,
				6C26C9B023855574004CDDE4 /* CategoryCollectionCell.swift in Sources */,
				6C26C9C423857812004CDDE4 /* CategoryItemsViewModel.swift in Sources */,
				6CB0736E23843F950021B0E4 /* NetworkError.swift in Sources */,
				6C26C9B9238574A7004CDDE4 /* ItemDetailsController.swift in Sources */,
				6CB073752384415B0021B0E4 /* DictionaryExtension.swift in Sources */,
				6C26C9C2238574EE004CDDE4 /* Destination+ItemDetails.swift in Sources */,
				6CB0738F23846CBC0021B0E4 /* Navigator.swift in Sources */,
				6CB0739523846DA90021B0E4 /* CategoriesResponse.swift in Sources */,
				6CB073772384415B0021B0E4 /* DataExtension.swift in Sources */,
				6CB0739823846DA90021B0E4 /* Destination+Categories.swift in Sources */,
				6CB0739023846CBC0021B0E4 /* Destination.swift in Sources */,
				6C214B68238687E7003B0FCB /* ItemDetailsViewModel.swift in Sources */,
				6CB073A023846EFF0021B0E4 /* UIView+Constrains.swift in Sources */,
				6C26C9B4238556BE004CDDE4 /* UICell.swift in Sources */,
				6CB0739E23846EFF0021B0E4 /* BundleExtension.swift in Sources */,
				6C26C9C623857A9A004CDDE4 /* UICollectionViewExtension.swift in Sources */,
				6CB0739623846DA90021B0E4 /* CategoriesViewModel.swift in Sources */,
				6CB0739F23846EFF0021B0E4 /* Loadable.swift in Sources */,
				6CB0739723846DA90021B0E4 /* CategoryRepo.swift in Sources */,
				6CB0737F23845E1D0021B0E4 /* CategoriesViewController.swift in Sources */,
				6C26C9BD238574C4004CDDE4 /* CategoryItemsController.swift in Sources */,
			);
			runOnlyForDeploymentPostprocessing = 0;
		};
		6CB0734123843E070021B0E4 /* Sources */ = {
			isa = PBXSourcesBuildPhase;
			buildActionMask = 2147483647;
			files = (
				6CB0734A23843E070021B0E4 /* OLXTrackTests.swift in Sources */,
			);
			runOnlyForDeploymentPostprocessing = 0;
		};
		6CB0734C23843E070021B0E4 /* Sources */ = {
			isa = PBXSourcesBuildPhase;
			buildActionMask = 2147483647;
			files = (
				6CB0735523843E070021B0E4 /* OLXTrackUITests.swift in Sources */,
			);
			runOnlyForDeploymentPostprocessing = 0;
		};
/* End PBXSourcesBuildPhase section */

/* Begin PBXTargetDependency section */
		6CB0734723843E070021B0E4 /* PBXTargetDependency */ = {
			isa = PBXTargetDependency;
			target = 6CB0733023843E060021B0E4 /* OLXTrack */;
			targetProxy = 6CB0734623843E070021B0E4 /* PBXContainerItemProxy */;
		};
		6CB0735223843E070021B0E4 /* PBXTargetDependency */ = {
			isa = PBXTargetDependency;
			target = 6CB0733023843E060021B0E4 /* OLXTrack */;
			targetProxy = 6CB0735123843E070021B0E4 /* PBXContainerItemProxy */;
		};
/* End PBXTargetDependency section */

/* Begin PBXVariantGroup section */
		6CB0733D23843E070021B0E4 /* LaunchScreen.storyboard */ = {
			isa = PBXVariantGroup;
			children = (
				6CB0733E23843E070021B0E4 /* Base */,
			);
			name = LaunchScreen.storyboard;
			sourceTree = "<group>";
		};
/* End PBXVariantGroup section */

/* Begin XCBuildConfiguration section */
		6CB0735723843E070021B0E4 /* Debug */ = {
			isa = XCBuildConfiguration;
			buildSettings = {
				ALWAYS_SEARCH_USER_PATHS = NO;
				CLANG_ANALYZER_NONNULL = YES;
				CLANG_ANALYZER_NUMBER_OBJECT_CONVERSION = YES_AGGRESSIVE;
				CLANG_CXX_LANGUAGE_STANDARD = "gnu++14";
				CLANG_CXX_LIBRARY = "libc++";
				CLANG_ENABLE_MODULES = YES;
				CLANG_ENABLE_OBJC_ARC = YES;
				CLANG_ENABLE_OBJC_WEAK = YES;
				CLANG_WARN_BLOCK_CAPTURE_AUTORELEASING = YES;
				CLANG_WARN_BOOL_CONVERSION = YES;
				CLANG_WARN_COMMA = YES;
				CLANG_WARN_CONSTANT_CONVERSION = YES;
				CLANG_WARN_DEPRECATED_OBJC_IMPLEMENTATIONS = YES;
				CLANG_WARN_DIRECT_OBJC_ISA_USAGE = YES_ERROR;
				CLANG_WARN_DOCUMENTATION_COMMENTS = YES;
				CLANG_WARN_EMPTY_BODY = YES;
				CLANG_WARN_ENUM_CONVERSION = YES;
				CLANG_WARN_INFINITE_RECURSION = YES;
				CLANG_WARN_INT_CONVERSION = YES;
				CLANG_WARN_NON_LITERAL_NULL_CONVERSION = YES;
				CLANG_WARN_OBJC_IMPLICIT_RETAIN_SELF = YES;
				CLANG_WARN_OBJC_LITERAL_CONVERSION = YES;
				CLANG_WARN_OBJC_ROOT_CLASS = YES_ERROR;
				CLANG_WARN_RANGE_LOOP_ANALYSIS = YES;
				CLANG_WARN_STRICT_PROTOTYPES = YES;
				CLANG_WARN_SUSPICIOUS_MOVE = YES;
				CLANG_WARN_UNGUARDED_AVAILABILITY = YES_AGGRESSIVE;
				CLANG_WARN_UNREACHABLE_CODE = YES;
				CLANG_WARN__DUPLICATE_METHOD_MATCH = YES;
				CODE_SIGN_IDENTITY = "iPhone Developer";
				COPY_PHASE_STRIP = NO;
				DEBUG_INFORMATION_FORMAT = dwarf;
				ENABLE_STRICT_OBJC_MSGSEND = YES;
				ENABLE_TESTABILITY = YES;
				GCC_C_LANGUAGE_STANDARD = gnu11;
				GCC_DYNAMIC_NO_PIC = NO;
				GCC_NO_COMMON_BLOCKS = YES;
				GCC_OPTIMIZATION_LEVEL = 0;
				GCC_PREPROCESSOR_DEFINITIONS = (
					"DEBUG=1",
					"$(inherited)",
				);
				GCC_WARN_64_TO_32_BIT_CONVERSION = YES;
				GCC_WARN_ABOUT_RETURN_TYPE = YES_ERROR;
				GCC_WARN_UNDECLARED_SELECTOR = YES;
				GCC_WARN_UNINITIALIZED_AUTOS = YES_AGGRESSIVE;
				GCC_WARN_UNUSED_FUNCTION = YES;
				GCC_WARN_UNUSED_VARIABLE = YES;
				IPHONEOS_DEPLOYMENT_TARGET = 12.4;
				MTL_ENABLE_DEBUG_INFO = INCLUDE_SOURCE;
				MTL_FAST_MATH = YES;
				ONLY_ACTIVE_ARCH = YES;
				SDKROOT = iphoneos;
				SWIFT_ACTIVE_COMPILATION_CONDITIONS = DEBUG;
				SWIFT_OPTIMIZATION_LEVEL = "-Onone";
			};
			name = Debug;
		};
		6CB0735823843E070021B0E4 /* Release */ = {
			isa = XCBuildConfiguration;
			buildSettings = {
				ALWAYS_SEARCH_USER_PATHS = NO;
				CLANG_ANALYZER_NONNULL = YES;
				CLANG_ANALYZER_NUMBER_OBJECT_CONVERSION = YES_AGGRESSIVE;
				CLANG_CXX_LANGUAGE_STANDARD = "gnu++14";
				CLANG_CXX_LIBRARY = "libc++";
				CLANG_ENABLE_MODULES = YES;
				CLANG_ENABLE_OBJC_ARC = YES;
				CLANG_ENABLE_OBJC_WEAK = YES;
				CLANG_WARN_BLOCK_CAPTURE_AUTORELEASING = YES;
				CLANG_WARN_BOOL_CONVERSION = YES;
				CLANG_WARN_COMMA = YES;
				CLANG_WARN_CONSTANT_CONVERSION = YES;
				CLANG_WARN_DEPRECATED_OBJC_IMPLEMENTATIONS = YES;
				CLANG_WARN_DIRECT_OBJC_ISA_USAGE = YES_ERROR;
				CLANG_WARN_DOCUMENTATION_COMMENTS = YES;
				CLANG_WARN_EMPTY_BODY = YES;
				CLANG_WARN_ENUM_CONVERSION = YES;
				CLANG_WARN_INFINITE_RECURSION = YES;
				CLANG_WARN_INT_CONVERSION = YES;
				CLANG_WARN_NON_LITERAL_NULL_CONVERSION = YES;
				CLANG_WARN_OBJC_IMPLICIT_RETAIN_SELF = YES;
				CLANG_WARN_OBJC_LITERAL_CONVERSION = YES;
				CLANG_WARN_OBJC_ROOT_CLASS = YES_ERROR;
				CLANG_WARN_RANGE_LOOP_ANALYSIS = YES;
				CLANG_WARN_STRICT_PROTOTYPES = YES;
				CLANG_WARN_SUSPICIOUS_MOVE = YES;
				CLANG_WARN_UNGUARDED_AVAILABILITY = YES_AGGRESSIVE;
				CLANG_WARN_UNREACHABLE_CODE = YES;
				CLANG_WARN__DUPLICATE_METHOD_MATCH = YES;
				CODE_SIGN_IDENTITY = "iPhone Developer";
				COPY_PHASE_STRIP = NO;
				DEBUG_INFORMATION_FORMAT = "dwarf-with-dsym";
				ENABLE_NS_ASSERTIONS = NO;
				ENABLE_STRICT_OBJC_MSGSEND = YES;
				GCC_C_LANGUAGE_STANDARD = gnu11;
				GCC_NO_COMMON_BLOCKS = YES;
				GCC_WARN_64_TO_32_BIT_CONVERSION = YES;
				GCC_WARN_ABOUT_RETURN_TYPE = YES_ERROR;
				GCC_WARN_UNDECLARED_SELECTOR = YES;
				GCC_WARN_UNINITIALIZED_AUTOS = YES_AGGRESSIVE;
				GCC_WARN_UNUSED_FUNCTION = YES;
				GCC_WARN_UNUSED_VARIABLE = YES;
				IPHONEOS_DEPLOYMENT_TARGET = 12.4;
				MTL_ENABLE_DEBUG_INFO = NO;
				MTL_FAST_MATH = YES;
				SDKROOT = iphoneos;
				SWIFT_COMPILATION_MODE = wholemodule;
				SWIFT_OPTIMIZATION_LEVEL = "-O";
				VALIDATE_PRODUCT = YES;
			};
			name = Release;
		};
		6CB0735A23843E070021B0E4 /* Debug */ = {
			isa = XCBuildConfiguration;
			baseConfigurationReference = A3EDEC4F5E6140F4C8D5D264 /* Pods-OLXTrack.debug.xcconfig */;
			buildSettings = {
				ASSETCATALOG_COMPILER_APPICON_NAME = AppIcon;
				CODE_SIGN_STYLE = Automatic;
				DEVELOPMENT_TEAM = 475YN7ANSF;
				INFOPLIST_FILE = OLXTrack/Info.plist;
				LD_RUNPATH_SEARCH_PATHS = (
					"$(inherited)",
					"@executable_path/Frameworks",
				);
				PRODUCT_BUNDLE_IDENTIFIER = abuzeid.OLXTrack;
				PRODUCT_NAME = "$(TARGET_NAME)";
				SWIFT_VERSION = 5.0;
				TARGETED_DEVICE_FAMILY = "1,2";
			};
			name = Debug;
		};
		6CB0735B23843E070021B0E4 /* Release */ = {
			isa = XCBuildConfiguration;
			baseConfigurationReference = 7A6DB5787133B093619FED1A /* Pods-OLXTrack.release.xcconfig */;
			buildSettings = {
				ASSETCATALOG_COMPILER_APPICON_NAME = AppIcon;
				CODE_SIGN_STYLE = Automatic;
				DEVELOPMENT_TEAM = 475YN7ANSF;
				INFOPLIST_FILE = OLXTrack/Info.plist;
				LD_RUNPATH_SEARCH_PATHS = (
					"$(inherited)",
					"@executable_path/Frameworks",
				);
				PRODUCT_BUNDLE_IDENTIFIER = abuzeid.OLXTrack;
				PRODUCT_NAME = "$(TARGET_NAME)";
				SWIFT_VERSION = 5.0;
				TARGETED_DEVICE_FAMILY = "1,2";
			};
			name = Release;
		};
		6CB0735D23843E070021B0E4 /* Debug */ = {
			isa = XCBuildConfiguration;
			baseConfigurationReference = BCC940431E274DDE53AA675F /* Pods-OLXTrackTests.debug.xcconfig */;
			buildSettings = {
				ALWAYS_EMBED_SWIFT_STANDARD_LIBRARIES = YES;
				BUNDLE_LOADER = "$(TEST_HOST)";
				CODE_SIGN_STYLE = Automatic;
				INFOPLIST_FILE = OLXTrackTests/Info.plist;
				LD_RUNPATH_SEARCH_PATHS = (
					"$(inherited)",
					"@executable_path/Frameworks",
					"@loader_path/Frameworks",
				);
				PRODUCT_BUNDLE_IDENTIFIER = abuzeid.OLXTrackTests;
				PRODUCT_NAME = "$(TARGET_NAME)";
				SWIFT_VERSION = 5.0;
				TARGETED_DEVICE_FAMILY = "1,2";
				TEST_HOST = "$(BUILT_PRODUCTS_DIR)/OLXTrack.app/OLXTrack";
			};
			name = Debug;
		};
		6CB0735E23843E070021B0E4 /* Release */ = {
			isa = XCBuildConfiguration;
			baseConfigurationReference = 6EB96FD7C5075F7DABD7F476 /* Pods-OLXTrackTests.release.xcconfig */;
			buildSettings = {
				ALWAYS_EMBED_SWIFT_STANDARD_LIBRARIES = YES;
				BUNDLE_LOADER = "$(TEST_HOST)";
				CODE_SIGN_STYLE = Automatic;
				INFOPLIST_FILE = OLXTrackTests/Info.plist;
				LD_RUNPATH_SEARCH_PATHS = (
					"$(inherited)",
					"@executable_path/Frameworks",
					"@loader_path/Frameworks",
				);
				PRODUCT_BUNDLE_IDENTIFIER = abuzeid.OLXTrackTests;
				PRODUCT_NAME = "$(TARGET_NAME)";
				SWIFT_VERSION = 5.0;
				TARGETED_DEVICE_FAMILY = "1,2";
				TEST_HOST = "$(BUILT_PRODUCTS_DIR)/OLXTrack.app/OLXTrack";
			};
			name = Release;
		};
		6CB0736023843E070021B0E4 /* Debug */ = {
			isa = XCBuildConfiguration;
			baseConfigurationReference = E9E57E675CC799623F7836E6 /* Pods-OLXTrack-OLXTrackUITests.debug.xcconfig */;
			buildSettings = {
				ALWAYS_EMBED_SWIFT_STANDARD_LIBRARIES = YES;
				CODE_SIGN_STYLE = Automatic;
				INFOPLIST_FILE = OLXTrackUITests/Info.plist;
				LD_RUNPATH_SEARCH_PATHS = (
					"$(inherited)",
					"@executable_path/Frameworks",
					"@loader_path/Frameworks",
				);
				PRODUCT_BUNDLE_IDENTIFIER = abuzeid.OLXTrackUITests;
				PRODUCT_NAME = "$(TARGET_NAME)";
				SWIFT_VERSION = 5.0;
				TARGETED_DEVICE_FAMILY = "1,2";
				TEST_TARGET_NAME = OLXTrack;
			};
			name = Debug;
		};
		6CB0736123843E070021B0E4 /* Release */ = {
			isa = XCBuildConfiguration;
			baseConfigurationReference = 7FB38CCEFEFE3C79923EB5DC /* Pods-OLXTrack-OLXTrackUITests.release.xcconfig */;
			buildSettings = {
				ALWAYS_EMBED_SWIFT_STANDARD_LIBRARIES = YES;
				CODE_SIGN_STYLE = Automatic;
				INFOPLIST_FILE = OLXTrackUITests/Info.plist;
				LD_RUNPATH_SEARCH_PATHS = (
					"$(inherited)",
					"@executable_path/Frameworks",
					"@loader_path/Frameworks",
				);
				PRODUCT_BUNDLE_IDENTIFIER = abuzeid.OLXTrackUITests;
				PRODUCT_NAME = "$(TARGET_NAME)";
				SWIFT_VERSION = 5.0;
				TARGETED_DEVICE_FAMILY = "1,2";
				TEST_TARGET_NAME = OLXTrack;
			};
			name = Release;
		};
/* End XCBuildConfiguration section */

/* Begin XCConfigurationList section */
		6CB0732C23843E060021B0E4 /* Build configuration list for PBXProject "OLXTrack" */ = {
			isa = XCConfigurationList;
			buildConfigurations = (
				6CB0735723843E070021B0E4 /* Debug */,
				6CB0735823843E070021B0E4 /* Release */,
			);
			defaultConfigurationIsVisible = 0;
			defaultConfigurationName = Release;
		};
		6CB0735923843E070021B0E4 /* Build configuration list for PBXNativeTarget "OLXTrack" */ = {
			isa = XCConfigurationList;
			buildConfigurations = (
				6CB0735A23843E070021B0E4 /* Debug */,
				6CB0735B23843E070021B0E4 /* Release */,
			);
			defaultConfigurationIsVisible = 0;
			defaultConfigurationName = Release;
		};
		6CB0735C23843E070021B0E4 /* Build configuration list for PBXNativeTarget "OLXTrackTests" */ = {
			isa = XCConfigurationList;
			buildConfigurations = (
				6CB0735D23843E070021B0E4 /* Debug */,
				6CB0735E23843E070021B0E4 /* Release */,
			);
			defaultConfigurationIsVisible = 0;
			defaultConfigurationName = Release;
		};
		6CB0735F23843E070021B0E4 /* Build configuration list for PBXNativeTarget "OLXTrackUITests" */ = {
			isa = XCConfigurationList;
			buildConfigurations = (
				6CB0736023843E070021B0E4 /* Debug */,
				6CB0736123843E070021B0E4 /* Release */,
			);
			defaultConfigurationIsVisible = 0;
			defaultConfigurationName = Release;
		};
/* End XCConfigurationList section */
	};
	rootObject = 6CB0732923843E060021B0E4 /* Project object */;
}
